
Microsoft Visual Studio Solution File, Format Version 12.00
# Visual Studio 14
VisualStudioVersion = 14.0.23107.0
MinimumVisualStudioVersion = 10.0.40219.1
Project("{FAE04EC0-301F-11D3-BF4B-00C04F79EFBC}") = "AirportPanelConsole", "AirportPanelConsole\AirportPanelConsole.csproj", "{FCA3792F-BA67-43DE-8E29-F2951FFF4DCE}"
EndProject
Global
	GlobalSection(SolutionConfigurationPlatforms) = preSolution
		Debug|Any CPU = Debug|Any CPU
		Release|Any CPU = Release|Any CPU
	EndGlobalSection
	GlobalSection(ProjectConfigurationPlatforms) = postSolution
		{FCA3792F-BA67-43DE-8E29-F2951FFF4DCE}.Debug|Any CPU.ActiveCfg = Debug|Any CPU
		{FCA3792F-BA67-43DE-8E29-F2951FFF4DCE}.Debug|Any CPU.Build.0 = Debug|Any CPU
		{FCA3792F-BA67-43DE-8E29-F2951FFF4DCE}.Release|Any CPU.ActiveCfg = Release|Any CPU
		{FCA3792F-BA67-43DE-8E29-F2951FFF4DCE}.Release|Any CPU.Build.0 = Release|Any CPU
	EndGlobalSection
	GlobalSection(SolutionProperties) = preSolution
		HideSolutionNode = FALSE
	EndGlobalSection
EndGlobal
